
Microsoft Visual Studio Solution File, Format Version 12.00
# Visual Studio 14
VisualStudioVersion = 14.0.23107.0
MinimumVisualStudioVersion = 10.0.40219.1
Project("{FAE04EC0-301F-11D3-BF4B-00C04F79EFBC}") = "asp_mvc_2", "asp_mvc_2\asp_mvc_2.csproj", "{CDCAD98D-9FFE-4C80-ABF8-D842256CB175}"
EndProject
Global
	GlobalSection(SolutionConfigurationPlatforms) = preSolution
		Debug|Any CPU = Debug|Any CPU
		Release|Any CPU = Release|Any CPU
	EndGlobalSection
	GlobalSection(ProjectConfigurationPlatforms) = postSolution
		{CDCAD98D-9FFE-4C80-ABF8-D842256CB175}.Debug|Any CPU.ActiveCfg = Debug|Any CPU
		{CDCAD98D-9FFE-4C80-ABF8-D842256CB175}.Debug|Any CPU.Build.0 = Debug|Any CPU
		{CDCAD98D-9FFE-4C80-ABF8-D842256CB175}.Release|Any CPU.ActiveCfg = Release|Any CPU
		{CDCAD98D-9FFE-4C80-ABF8-D842256CB175}.Release|Any CPU.Build.0 = Release|Any CPU
	EndGlobalSection
	GlobalSection(SolutionProperties) = preSolution
		HideSolutionNode = FALSE
	EndGlobalSection
EndGlobal
